
Microsoft Visual Studio Solution File, Format Version 12.00
# Visual Studio Version 17
VisualStudioVersion = 17.1.32328.378
MinimumVisualStudioVersion = 10.0.40219.1
Project("{FAE04EC0-301F-11D3-BF4B-00C04F79EFBC}") = "CalculatorEngine", "CalculatorEngine\CalculatorEngine.csproj", "{22EAE4B9-718E-409E-9013-467B91EF0B84}"
EndProject
Project("{FAE04EC0-301F-11D3-BF4B-00C04F79EFBC}") = "CalculatorEngine.Tests", "CalculatorEngine.Tests\CalculatorEngine.Tests.csproj", "{969C2440-8097-433D-B3BB-6C9B1E609C4E}"
EndProject
Global
	GlobalSection(SolutionConfigurationPlatforms) = preSolution
		Debug|Any CPU = Debug|Any CPU
		Release|Any CPU = Release|Any CPU
	EndGlobalSection
	GlobalSection(ProjectConfigurationPlatforms) = postSolution
		{22EAE4B9-718E-409E-9013-467B91EF0B84}.Debug|Any CPU.ActiveCfg = Debug|Any CPU
		{22EAE4B9-718E-409E-9013-467B91EF0B84}.Debug|Any CPU.Build.0 = Debug|Any CPU
		{22EAE4B9-718E-409E-9013-467B91EF0B84}.Release|Any CPU.ActiveCfg = Release|Any CPU
		{22EAE4B9-718E-409E-9013-467B91EF0B84}.Release|Any CPU.Build.0 = Release|Any CPU
		{969C2440-8097-433D-B3BB-6C9B1E609C4E}.Debug|Any CPU.ActiveCfg = Debug|Any CPU
		{969C2440-8097-433D-B3BB-6C9B1E609C4E}.Debug|Any CPU.Build.0 = Debug|Any CPU
		{969C2440-8097-433D-B3BB-6C9B1E609C4E}.Release|Any CPU.ActiveCfg = Release|Any CPU
		{969C2440-8097-433D-B3BB-6C9B1E609C4E}.Release|Any CPU.Build.0 = Release|Any CPU
	EndGlobalSection
	GlobalSection(SolutionProperties) = preSolution
		HideSolutionNode = FALSE
	EndGlobalSection
	GlobalSection(ExtensibilityGlobals) = postSolution
		SolutionGuid = {C0290565-7738-443D-AFBD-1324322157EF}
	EndGlobalSection
EndGlobal
